<?xml version="1.0" encoding="utf-8"?>
<Project ToolsVersion="4.0" xmlns="http://schemas.microsoft.com/developer/msbuild/2003">
  <ItemGroup>
    <Filter Include="Shader Files">
      <UniqueIdentifier>{493d2f6e-c410-42fa-b0ed-2c5ae11915c7}</UniqueIdentifier>
    </Filter>
    <Filter Include="Utility">
      <UniqueIdentifier>{d202d4a0-6ad8-4d22-b59f-44d5040cb483}</UniqueIdentifier>
    </Filter>
    <Filter Include="Core">
      <UniqueIdentifier>{e589d289-3bdf-4384-968c-7d89ddf9fc65}</UniqueIdentifier>
    </Filter>
    <Filter Include="Engine">
      <UniqueIdentifier>{0bdb43c9-15fe-40ac-8a32-5adc908802f6}</UniqueIdentifier>
    </Filter>
    <Filter Include="Math">
      <UniqueIdentifier>{a4be66d4-8752-4936-a50f-e1b5c93b8af4}</UniqueIdentifier>
    </Filter>
    <Filter Include="Resource">
      <UniqueIdentifier>{45869d25-7173-4d80-989d-09a6d5d524e4}</UniqueIdentifier>
    </Filter>
    <Filter Include="Resource\Factory">
      <UniqueIdentifier>{e64b645b-f3b1-4ee1-abcb-838ce9d1b590}</UniqueIdentifier>
    </Filter>
    <Filter Include="Entity">
      <UniqueIdentifier>{daab8ff8-fe41-43c8-a44f-5eefe7aff3e1}</UniqueIdentifier>
    </Filter>
  </ItemGroup>
  <ItemGroup>
    <ClCompile Include="Source\Private\colour.cpp">
      <Filter>Utility</Filter>
    </ClCompile>
    <ClCompile Include="Source\Private\context.cpp">
      <Filter>Core</Filter>
    </ClCompile>
    <ClCompile Include="Source\Private\entity.cpp">
      <Filter>Entity</Filter>
    </ClCompile>
    <ClCompile Include="Source\Private\hash_string.cpp">
      <Filter>Utility</Filter>
    </ClCompile>
    <ClCompile Include="Source\Private\image_resource.cpp">
      <Filter>Resource</Filter>
    </ClCompile>
    <ClCompile Include="Source\Private\resource.cpp">
      <Filter>Resource</Filter>
    </ClCompile>
    <ClCompile Include="Source\Private\resource_cache.cpp">
      <Filter>Resource</Filter>
    </ClCompile>
    <ClCompile Include="Source\Private\shader.cpp">
      <Filter>Engine</Filter>
    </ClCompile>
    <ClCompile Include="Source\Private\shader_resource.cpp">
      <Filter>Resource</Filter>
    </ClCompile>
    <ClCompile Include="Source\Private\sprite.cpp">
      <Filter>Engine</Filter>
    </ClCompile>
    <ClCompile Include="Source\Private\texture.cpp">
      <Filter>Engine</Filter>
    </ClCompile>
    <ClCompile Include="Source\Private\utility.cpp">
      <Filter>Utility</Filter>
    </ClCompile>
    <ClCompile Include="Source\Private\window.cpp">
      <Filter>Core</Filter>
    </ClCompile>
    <ClCompile Include="Source\Private\world.cpp">
      <Filter>Engine</Filter>
    </ClCompile>
    <ClCompile Include="Source\Private\game.cpp">
      <Filter>Core</Filter>
    </ClCompile>
    <ClCompile Include="Source\Private\entity_def.cpp">
      <Filter>Entity</Filter>
    </ClCompile>
    <ClCompile Include="main.cpp" />
    <ClCompile Include="Source\Private\asteroid_def.cpp" />
    <ClCompile Include="Source\Private\state_stack.cpp" />
  </ItemGroup>
  <ItemGroup>
    <ClInclude Include="Source\Public\context.hpp">
      <Filter>Core</Filter>
    </ClInclude>
    <ClInclude Include="Source\Public\resource.h">
      <Filter>Resource</Filter>
    </ClInclude>
    <ClInclude Include="Source\Public\utility.h">
      <Filter>Utility</Filter>
    </ClInclude>
    <ClInclude Include="Source\Public\window.h">
      <Filter>Core</Filter>
    </ClInclude>
    <ClInclude Include="Source\Public\colour.h">
      <Filter>Utility</Filter>
    </ClInclude>
    <ClInclude Include="Source\Public\texture.h">
      <Filter>Engine</Filter>
    </ClInclude>
    <ClInclude Include="Source\Public\image_resource.h">
      <Filter>Resource</Filter>
    </ClInclude>
    <ClInclude Include="Source\Public\sprite.h">
      <Filter>Engine</Filter>
    </ClInclude>
    <ClInclude Include="Source\Public\shader_resource.h">
      <Filter>Resource</Filter>
    </ClInclude>
    <ClInclude Include="Source\Public\shader.h">
      <Filter>Engine</Filter>
    </ClInclude>
    <ClInclude Include="Source\Public\resource_cache.h">
      <Filter>Resource</Filter>
    </ClInclude>
    <ClInclude Include="Source\Public\game.h">
      <Filter>Core</Filter>
    </ClInclude>
    <ClInclude Include="Source\Public\entity.h">
      <Filter>Entity</Filter>
    </ClInclude>
    <ClInclude Include="Source\Public\entity_def.h">
      <Filter>Entity</Filter>
    </ClInclude>
    <ClInclude Include="Source\Public\hash_string.h">
      <Filter>Utility</Filter>
    </ClInclude>
    <ClInclude Include="Source\Public\world.h">
      <Filter>Engine</Filter>
    </ClInclude>
    <ClInclude Include="Source\Public\asteroid_def.h" />
    <ClInclude Include="Source\Public\state_stack.h" />
  </ItemGroup>
  <ItemGroup>
    <None Include="Resource\Shaders\vertex.vert">
      <Filter>Shader Files</Filter>
    </None>
    <None Include="Resource\Shaders\fragment.frag">
      <Filter>Shader Files</Filter>
    </None>
  </ItemGroup>
  <ItemGroup>
    <Image Include="Resource\Images\player2.png" />
    <Image Include="Resource\Images\player.png" />
    <Image Include="Resource\Images\default.png" />
    <Image Include="Resource\Images\asteroid.png" />
  </ItemGroup>
</Project>